PODS:
  - ObjectMapper (1.3.0)
  - RSBarcodes_Swift (0.1.9)

DEPENDENCIES:
  - ObjectMapper (~> 1.3)
  - RSBarcodes_Swift (~> 0.1.9)

SPEC CHECKSUMS:
  ObjectMapper: 4eb08a726e9791a93b2632049951b56a7c17e471
  RSBarcodes_Swift: 3c37a05faa0c8742739e1b47eec2f0d3d786330f

PODFILE CHECKSUM: aca7b215b34857673ec1e6788b371c07967c3fe4

COCOAPODS: 1.0.1
